
Microsoft Visual Studio Solution File, Format Version 12.00
# Visual Studio Version 17
VisualStudioVersion = 17.7.34031.279
MinimumVisualStudioVersion = 10.0.40219.1
Project("{8BC9CEB8-8B4A-11D0-8D11-00A0C91BC942}") = "JunkBox_Lib++", "JunkBox_Lib++_2022.vcxproj", "{3BA38490-2DB2-4082-BA26-0D2AFC47C0D1}"
EndProject
Global
	GlobalSection(SolutionConfigurationPlatforms) = preSolution
		Debug|x64 = Debug|x64
		Debug|x86 = Debug|x86
		Release|x64 = Release|x64
		Release|x86 = Release|x86
	EndGlobalSection
	GlobalSection(ProjectConfigurationPlatforms) = postSolution
		{3BA38490-2DB2-4082-BA26-0D2AFC47C0D1}.Debug|x64.ActiveCfg = Debug|x64
		{3BA38490-2DB2-4082-BA26-0D2AFC47C0D1}.Debug|x64.Build.0 = Debug|x64
		{3BA38490-2DB2-4082-BA26-0D2AFC47C0D1}.Debug|x86.ActiveCfg = Debug|Win32
		{3BA38490-2DB2-4082-BA26-0D2AFC47C0D1}.Debug|x86.Build.0 = Debug|Win32
		{3BA38490-2DB2-4082-BA26-0D2AFC47C0D1}.Release|x64.ActiveCfg = Release|x64
		{3BA38490-2DB2-4082-BA26-0D2AFC47C0D1}.Release|x64.Build.0 = Release|x64
		{3BA38490-2DB2-4082-BA26-0D2AFC47C0D1}.Release|x86.ActiveCfg = Release|Win32
		{3BA38490-2DB2-4082-BA26-0D2AFC47C0D1}.Release|x86.Build.0 = Release|Win32
	EndGlobalSection
	GlobalSection(SolutionProperties) = preSolution
		HideSolutionNode = FALSE
	EndGlobalSection
	GlobalSection(ExtensibilityGlobals) = postSolution
		SolutionGuid = {4DEC8A8F-32AB-4255-A67A-652F57FC483B}
	EndGlobalSection
EndGlobal
